dependencies:
- name: mongodb
  repository: https://charts.bitnami.com/bitnami
  version: 15.6.6
- name: postgresql
  repository: https://charts.bitnami.com/bitnami
  version: 15.5.5
digest: sha256:3bb69611d23fbb9299b7821a32f412f9f41560f3255426b7f818165286f84976
generated: "2026-06-11T12:20:04.379940927+03:00"
