dependencies:
- name: mongodb
  repository: oci://registry-1.docker.io/bitnamicharts
  version: 19.1.6
- name: postgresql
  repository: oci://registry-1.docker.io/bitnamicharts
  version: 18.7.3
digest: sha256:36f07d1d0f6a1f258cc681431ea252d62feed08ad7796c293e8663d93204c875
generated: "2026-06-11T12:58:57.975253662+03:00"
