
Microsoft Visual Studio Solution File, Format Version 12.00
# Visual Studio 15
VisualStudioVersion = 15.0.26124.0
MinimumVisualStudioVersion = 15.0.26124.0
Project("{2150E333-8FDC-42A3-9474-1A3956D46DE8}") = ".solution", ".solution", "{68F75DAC-3BD4-47F2-B680-63F72464AE9C}"
	ProjectSection(SolutionItems) = preProject
		.gitignore = .gitignore
		build.fsx = build.fsx
		global.json = global.json
		paket.dependencies = paket.dependencies
		README.md = README.md
	EndProjectSection
EndProject
Project("{F2A71F9B-5D33-465A-A702-920D77279786}") = "FbApp.Init.Events", "fbapp-init-events\FbApp.Init.Events.fsproj", "{5DB4E736-9837-4F80-ADD5-F67E67FACC05}"
EndProject
Project("{F2A71F9B-5D33-465A-A702-920D77279786}") = "FbApp.LiveUpdate", "fbapp-live-update\FbApp.LiveUpdate.fsproj", "{D18B3FC5-8EDD-43B0-9E5A-E6499C3F3BD0}"
EndProject
Project("{F2A71F9B-5D33-465A-A702-920D77279786}") = "FbApp.Api", "fbapp-api\FbApp.Api.fsproj", "{C3109F31-C897-4717-8F85-619A6960076E}"
EndProject
Global
	GlobalSection(SolutionConfigurationPlatforms) = preSolution
		Debug|Any CPU = Debug|Any CPU
		Debug|x64 = Debug|x64
		Debug|x86 = Debug|x86
		Release|Any CPU = Release|Any CPU
		Release|x64 = Release|x64
		Release|x86 = Release|x86
	EndGlobalSection
	GlobalSection(ProjectConfigurationPlatforms) = postSolution
		{5DB4E736-9837-4F80-ADD5-F67E67FACC05}.Debug|Any CPU.ActiveCfg = Debug|Any CPU
		{5DB4E736-9837-4F80-ADD5-F67E67FACC05}.Debug|Any CPU.Build.0 = Debug|Any CPU
		{5DB4E736-9837-4F80-ADD5-F67E67FACC05}.Debug|x64.ActiveCfg = Debug|Any CPU
		{5DB4E736-9837-4F80-ADD5-F67E67FACC05}.Debug|x64.Build.0 = Debug|Any CPU
		{5DB4E736-9837-4F80-ADD5-F67E67FACC05}.Debug|x86.ActiveCfg = Debug|Any CPU
		{5DB4E736-9837-4F80-ADD5-F67E67FACC05}.Debug|x86.Build.0 = Debug|Any CPU
		{5DB4E736-9837-4F80-ADD5-F67E67FACC05}.Release|Any CPU.ActiveCfg = Release|Any CPU
		{5DB4E736-9837-4F80-ADD5-F67E67FACC05}.Release|Any CPU.Build.0 = Release|Any CPU
		{5DB4E736-9837-4F80-ADD5-F67E67FACC05}.Release|x64.ActiveCfg = Release|Any CPU
		{5DB4E736-9837-4F80-ADD5-F67E67FACC05}.Release|x64.Build.0 = Release|Any CPU
		{5DB4E736-9837-4F80-ADD5-F67E67FACC05}.Release|x86.ActiveCfg = Release|Any CPU
		{5DB4E736-9837-4F80-ADD5-F67E67FACC05}.Release|x86.Build.0 = Release|Any CPU
		{D18B3FC5-8EDD-43B0-9E5A-E6499C3F3BD0}.Debug|Any CPU.ActiveCfg = Debug|Any CPU
		{D18B3FC5-8EDD-43B0-9E5A-E6499C3F3BD0}.Debug|Any CPU.Build.0 = Debug|Any CPU
		{D18B3FC5-8EDD-43B0-9E5A-E6499C3F3BD0}.Debug|x64.ActiveCfg = Debug|Any CPU
		{D18B3FC5-8EDD-43B0-9E5A-E6499C3F3BD0}.Debug|x64.Build.0 = Debug|Any CPU
		{D18B3FC5-8EDD-43B0-9E5A-E6499C3F3BD0}.Debug|x86.ActiveCfg = Debug|Any CPU
		{D18B3FC5-8EDD-43B0-9E5A-E6499C3F3BD0}.Debug|x86.Build.0 = Debug|Any CPU
		{D18B3FC5-8EDD-43B0-9E5A-E6499C3F3BD0}.Release|Any CPU.ActiveCfg = Release|Any CPU
		{D18B3FC5-8EDD-43B0-9E5A-E6499C3F3BD0}.Release|Any CPU.Build.0 = Release|Any CPU
		{D18B3FC5-8EDD-43B0-9E5A-E6499C3F3BD0}.Release|x64.ActiveCfg = Release|Any CPU
		{D18B3FC5-8EDD-43B0-9E5A-E6499C3F3BD0}.Release|x64.Build.0 = Release|Any CPU
		{D18B3FC5-8EDD-43B0-9E5A-E6499C3F3BD0}.Release|x86.ActiveCfg = Release|Any CPU
		{D18B3FC5-8EDD-43B0-9E5A-E6499C3F3BD0}.Release|x86.Build.0 = Release|Any CPU
		{C3109F31-C897-4717-8F85-619A6960076E}.Debug|Any CPU.ActiveCfg = Debug|Any CPU
		{C3109F31-C897-4717-8F85-619A6960076E}.Debug|Any CPU.Build.0 = Debug|Any CPU
		{C3109F31-C897-4717-8F85-619A6960076E}.Debug|x64.ActiveCfg = Debug|Any CPU
		{C3109F31-C897-4717-8F85-619A6960076E}.Debug|x64.Build.0 = Debug|Any CPU
		{C3109F31-C897-4717-8F85-619A6960076E}.Debug|x86.ActiveCfg = Debug|Any CPU
		{C3109F31-C897-4717-8F85-619A6960076E}.Debug|x86.Build.0 = Debug|Any CPU
		{C3109F31-C897-4717-8F85-619A6960076E}.Release|Any CPU.ActiveCfg = Release|Any CPU
		{C3109F31-C897-4717-8F85-619A6960076E}.Release|Any CPU.Build.0 = Release|Any CPU
		{C3109F31-C897-4717-8F85-619A6960076E}.Release|x64.ActiveCfg = Release|Any CPU
		{C3109F31-C897-4717-8F85-619A6960076E}.Release|x64.Build.0 = Release|Any CPU
		{C3109F31-C897-4717-8F85-619A6960076E}.Release|x86.ActiveCfg = Release|Any CPU
		{C3109F31-C897-4717-8F85-619A6960076E}.Release|x86.Build.0 = Release|Any CPU
	EndGlobalSection
	GlobalSection(SolutionProperties) = preSolution
		HideSolutionNode = FALSE
	EndGlobalSection
	GlobalSection(ExtensibilityGlobals) = postSolution
		SolutionGuid = {F4A266FE-FE14-41ED-B39A-8893E98C414F}
	EndGlobalSection
EndGlobal
