
Microsoft Visual Studio Solution File, Format Version 12.00
# Visual Studio Version 16
VisualStudioVersion = 16.0.31321.278
MinimumVisualStudioVersion = 15.0.26124.0
Project("{2150E333-8FDC-42A3-9474-1A3956D46DE8}") = ".solution", ".solution", "{68F75DAC-3BD4-47F2-B680-63F72464AE9C}"
	ProjectSection(SolutionItems) = preProject
		.gitignore = .gitignore
		global.json = global.json
		README.md = README.md
		tye.yaml = tye.yaml
		paket.dependencies = paket.dependencies
		build.fsx = build.fsx
	EndProjectSection
EndProject
Project("{6EC3EE1D-3C4E-46DD-8F32-0CC8E7565705}") = "FbApp.Proxy", "fbapp-proxy\FbApp.Proxy.fsproj", "{F711E155-4771-4284-9384-C3C897BA86BB}"
EndProject
Project("{F2A71F9B-5D33-465A-A702-920D77279786}") = "FbApp", "fbapp\FbApp.fsproj", "{C3109F31-C897-4717-8F85-619A6960076E}"
EndProject
Project("{2150E333-8FDC-42A3-9474-1A3956D46DE8}") = "fbapp-auth", "fbapp-auth", "{9B7D7269-8B72-4BBF-BE02-6286892BC1D7}"
EndProject
Project("{F2A71F9B-5D33-465A-A702-920D77279786}") = "FbApp.Auth", "fbapp-auth\FbApp.Auth\FbApp.Auth.fsproj", "{7875CB6E-11CA-4EAD-B928-AC9B13B01A53}"
EndProject
Project("{F2A71F9B-5D33-465A-A702-920D77279786}") = "FbApp.Auth.IntegrationTests", "fbapp-auth\FbApp.Auth.IntegrationTests\FbApp.Auth.IntegrationTests.fsproj", "{38293C1E-941B-4600-A8AB-E93893299F77}"
EndProject
Global
	GlobalSection(SolutionConfigurationPlatforms) = preSolution
		Debug|Any CPU = Debug|Any CPU
		Debug|x64 = Debug|x64
		Debug|x86 = Debug|x86
		Release|Any CPU = Release|Any CPU
		Release|x64 = Release|x64
		Release|x86 = Release|x86
	EndGlobalSection
	GlobalSection(ProjectConfigurationPlatforms) = postSolution
		{F711E155-4771-4284-9384-C3C897BA86BB}.Debug|Any CPU.ActiveCfg = Debug|Any CPU
		{F711E155-4771-4284-9384-C3C897BA86BB}.Debug|Any CPU.Build.0 = Debug|Any CPU
		{F711E155-4771-4284-9384-C3C897BA86BB}.Debug|x64.ActiveCfg = Debug|Any CPU
		{F711E155-4771-4284-9384-C3C897BA86BB}.Debug|x64.Build.0 = Debug|Any CPU
		{F711E155-4771-4284-9384-C3C897BA86BB}.Debug|x86.ActiveCfg = Debug|Any CPU
		{F711E155-4771-4284-9384-C3C897BA86BB}.Debug|x86.Build.0 = Debug|Any CPU
		{F711E155-4771-4284-9384-C3C897BA86BB}.Release|Any CPU.ActiveCfg = Release|Any CPU
		{F711E155-4771-4284-9384-C3C897BA86BB}.Release|Any CPU.Build.0 = Release|Any CPU
		{F711E155-4771-4284-9384-C3C897BA86BB}.Release|x64.ActiveCfg = Release|Any CPU
		{F711E155-4771-4284-9384-C3C897BA86BB}.Release|x64.Build.0 = Release|Any CPU
		{F711E155-4771-4284-9384-C3C897BA86BB}.Release|x86.ActiveCfg = Release|Any CPU
		{F711E155-4771-4284-9384-C3C897BA86BB}.Release|x86.Build.0 = Release|Any CPU
		{C3109F31-C897-4717-8F85-619A6960076E}.Debug|Any CPU.ActiveCfg = Debug|Any CPU
		{C3109F31-C897-4717-8F85-619A6960076E}.Debug|Any CPU.Build.0 = Debug|Any CPU
		{C3109F31-C897-4717-8F85-619A6960076E}.Debug|x64.ActiveCfg = Debug|Any CPU
		{C3109F31-C897-4717-8F85-619A6960076E}.Debug|x64.Build.0 = Debug|Any CPU
		{C3109F31-C897-4717-8F85-619A6960076E}.Debug|x86.ActiveCfg = Debug|Any CPU
		{C3109F31-C897-4717-8F85-619A6960076E}.Debug|x86.Build.0 = Debug|Any CPU
		{C3109F31-C897-4717-8F85-619A6960076E}.Release|Any CPU.ActiveCfg = Release|Any CPU
		{C3109F31-C897-4717-8F85-619A6960076E}.Release|Any CPU.Build.0 = Release|Any CPU
		{C3109F31-C897-4717-8F85-619A6960076E}.Release|x64.ActiveCfg = Release|Any CPU
		{C3109F31-C897-4717-8F85-619A6960076E}.Release|x64.Build.0 = Release|Any CPU
		{C3109F31-C897-4717-8F85-619A6960076E}.Release|x86.ActiveCfg = Release|Any CPU
		{C3109F31-C897-4717-8F85-619A6960076E}.Release|x86.Build.0 = Release|Any CPU
		{7875CB6E-11CA-4EAD-B928-AC9B13B01A53}.Debug|Any CPU.ActiveCfg = Debug|Any CPU
		{7875CB6E-11CA-4EAD-B928-AC9B13B01A53}.Debug|Any CPU.Build.0 = Debug|Any CPU
		{7875CB6E-11CA-4EAD-B928-AC9B13B01A53}.Debug|x64.ActiveCfg = Debug|Any CPU
		{7875CB6E-11CA-4EAD-B928-AC9B13B01A53}.Debug|x64.Build.0 = Debug|Any CPU
		{7875CB6E-11CA-4EAD-B928-AC9B13B01A53}.Debug|x86.ActiveCfg = Debug|Any CPU
		{7875CB6E-11CA-4EAD-B928-AC9B13B01A53}.Debug|x86.Build.0 = Debug|Any CPU
		{7875CB6E-11CA-4EAD-B928-AC9B13B01A53}.Release|Any CPU.ActiveCfg = Release|Any CPU
		{7875CB6E-11CA-4EAD-B928-AC9B13B01A53}.Release|Any CPU.Build.0 = Release|Any CPU
		{7875CB6E-11CA-4EAD-B928-AC9B13B01A53}.Release|x64.ActiveCfg = Release|Any CPU
		{7875CB6E-11CA-4EAD-B928-AC9B13B01A53}.Release|x64.Build.0 = Release|Any CPU
		{7875CB6E-11CA-4EAD-B928-AC9B13B01A53}.Release|x86.ActiveCfg = Release|Any CPU
		{7875CB6E-11CA-4EAD-B928-AC9B13B01A53}.Release|x86.Build.0 = Release|Any CPU
		{38293C1E-941B-4600-A8AB-E93893299F77}.Debug|Any CPU.ActiveCfg = Debug|Any CPU
		{38293C1E-941B-4600-A8AB-E93893299F77}.Debug|Any CPU.Build.0 = Debug|Any CPU
		{38293C1E-941B-4600-A8AB-E93893299F77}.Debug|x64.ActiveCfg = Debug|Any CPU
		{38293C1E-941B-4600-A8AB-E93893299F77}.Debug|x64.Build.0 = Debug|Any CPU
		{38293C1E-941B-4600-A8AB-E93893299F77}.Debug|x86.ActiveCfg = Debug|Any CPU
		{38293C1E-941B-4600-A8AB-E93893299F77}.Debug|x86.Build.0 = Debug|Any CPU
		{38293C1E-941B-4600-A8AB-E93893299F77}.Release|Any CPU.ActiveCfg = Release|Any CPU
		{38293C1E-941B-4600-A8AB-E93893299F77}.Release|Any CPU.Build.0 = Release|Any CPU
		{38293C1E-941B-4600-A8AB-E93893299F77}.Release|x64.ActiveCfg = Release|Any CPU
		{38293C1E-941B-4600-A8AB-E93893299F77}.Release|x64.Build.0 = Release|Any CPU
		{38293C1E-941B-4600-A8AB-E93893299F77}.Release|x86.ActiveCfg = Release|Any CPU
		{38293C1E-941B-4600-A8AB-E93893299F77}.Release|x86.Build.0 = Release|Any CPU
	EndGlobalSection
	GlobalSection(SolutionProperties) = preSolution
		HideSolutionNode = FALSE
	EndGlobalSection
	GlobalSection(ExtensibilityGlobals) = postSolution
		SolutionGuid = {F4A266FE-FE14-41ED-B39A-8893E98C414F}
	EndGlobalSection
	GlobalSection(NestedProjects) = preSolution
		{7875CB6E-11CA-4EAD-B928-AC9B13B01A53} = {9B7D7269-8B72-4BBF-BE02-6286892BC1D7}
		{38293C1E-941B-4600-A8AB-E93893299F77} = {9B7D7269-8B72-4BBF-BE02-6286892BC1D7}
	EndGlobalSection
EndGlobal
