# THIS IS AN AUTOGENERATED FILE. DO NOT EDIT THIS FILE DIRECTLY.
# yarn lockfile v1


"@antfu/utils@^0.5.2":
  version "0.5.2"
  resolved "https://registry.npmjs.org/@antfu/utils/-/utils-0.5.2.tgz#8c2d931ff927be0ebe740169874a3d4004ab414b"
  integrity sha512-CQkeV+oJxUazwjlHD0/3ZD08QWKuGQkhnrKo3e6ly5pd48VUpXbb77q0xMU4+vc2CkJnDS02Eq/M9ugyX20XZA==

"@esbuild/android-arm@0.15.12":
  version "0.15.12"
  resolved "https://registry.npmjs.org/@esbuild/android-arm/-/android-arm-0.15.12.tgz#e548b10a5e55b9e10537a049ebf0bc72c453b769"
  integrity sha512-IC7TqIqiyE0MmvAhWkl/8AEzpOtbhRNDo7aph47We1NbE5w2bt/Q+giAhe0YYeVpYnIhGMcuZY92qDK6dQauvA==

"@esbuild/linux-loong64@0.15.12":
  version "0.15.12"
  resolved "https://registry.npmjs.org/@esbuild/linux-loong64/-/linux-loong64-0.15.12.tgz#475b33a2631a3d8ca8aa95ee127f9a61d95bf9c1"
  integrity sha512-tZEowDjvU7O7I04GYvWQOS4yyP9E/7YlsB0jjw1Ycukgr2ycEzKyIk5tms5WnLBymaewc6VmRKnn5IJWgK4eFw==

"@mdi/font@^7.0.96":
  version "7.0.96"
  resolved "https://registry.npmjs.org/@mdi/font/-/font-7.0.96.tgz#9853c222623072f5575b4039c8c195ea929b61fc"
  integrity sha512-rzlxTfR64hqY8yiBzDjmANfcd8rv+T5C0Yedv/TWk2QyAQYdc66e0kaN1ipmnYU3RukHRTRcBARHzzm+tIhL7w==

"@nodelib/fs.scandir@2.1.5":
  version "2.1.5"
  resolved "https://registry.npmjs.org/@nodelib/fs.scandir/-/fs.scandir-2.1.5.tgz#7619c2eb21b25483f6d167548b4cfd5a7488c3d5"
  integrity sha512-vq24Bq3ym5HEQm2NKCr3yXDwjc7vTsEThRDnkp2DK9p1uqLR+DHurm/NOTo0KG7HYHU7eppKZj3MyqYuMBf62g==
  dependencies:
    "@nodelib/fs.stat" "2.0.5"
    run-parallel "^1.1.9"

"@nodelib/fs.stat@2.0.5", "@nodelib/fs.stat@^2.0.2":
  version "2.0.5"
  resolved "https://registry.npmjs.org/@nodelib/fs.stat/-/fs.stat-2.0.5.tgz#5bd262af94e9d25bd1e71b05deed44876a222e8b"
  integrity sha512-RkhPPp2zrqDAQA/2jNhnztcPAlv64XdhIp7a7454A5ovI7Bukxgt7MX7udwAu3zg1DcpPU0rz3VV1SeaqvY4+A==

"@nodelib/fs.walk@^1.2.3":
  version "1.2.8"
  resolved "https://registry.npmjs.org/@nodelib/fs.walk/-/fs.walk-1.2.8.tgz#e95737e8bb6746ddedf69c556953494f196fe69a"
  integrity sha512-oGB+UxlgWcgQkgwo8GcEGwemoTFt3FIO9ababBmaGwXIoBKZ+GTy0pP185beGg7Llih/NSHSV2XAs1lnznocSg==
  dependencies:
    "@nodelib/fs.scandir" "2.1.5"
    fastq "^1.6.0"

"@types/node@^18.11.7":
  version "18.11.7"
  resolved "https://registry.npmjs.org/@types/node/-/node-18.11.7.tgz#8ccef136f240770c1379d50100796a6952f01f94"
  integrity sha512-LhFTglglr63mNXUSRYD8A+ZAIu5sFqNJ4Y2fPuY7UlrySJH87rRRlhtVmMHplmfk5WkoJGmDjE9oiTfyX94CpQ==

"@windicss/config@1.8.8":
  version "1.8.8"
  resolved "https://registry.npmjs.org/@windicss/config/-/config-1.8.8.tgz#296ede5ac54179c6e86c5b2746fa50de78e8eb65"
  integrity sha512-kNas/zMkwsDFMcJPmHoPDJlQi1MHvYwx8BSxo9JKcbCW7Gaj8Rg2CnEImX5YdT+ZcFQqQ+kUn0Vi/ScsAxhGEw==
  dependencies:
    debug "^4.3.4"
    jiti "^1.14.0"
    windicss "^3.5.6"

"@windicss/plugin-utils@1.8.8":
  version "1.8.8"
  resolved "https://registry.npmjs.org/@windicss/plugin-utils/-/plugin-utils-1.8.8.tgz#4764e68a39a09189f1b46047ab0057eac7c91c0d"
  integrity sha512-a+npbTKmdrAvnMqzVJvyPa29xyNcPaSkt6qQpgWY9m0WyVlYd9BM8V0+cbqt279fTlvlaZpUs9dqmilB1PUH6g==
  dependencies:
    "@antfu/utils" "^0.5.2"
    "@windicss/config" "1.8.8"
    debug "^4.3.4"
    fast-glob "^3.2.11"
    magic-string "^0.26.2"
    micromatch "^4.0.5"
    windicss "^3.5.6"

acorn-walk@^8.0.0:
  version "8.2.0"
  resolved "https://registry.npmjs.org/acorn-walk/-/acorn-walk-8.2.0.tgz#741210f2e2426454508853a2f44d0ab83b7f69c1"
  integrity sha512-k+iyHEuPgSw6SbuDpGQM+06HQUa04DZ3o+F6CSzXMvvI5KMvnaEqXe+YVe555R9nn6GPt404fos4wcgpw12SDA==

acorn@^7.4.1:
  version "7.4.1"
  resolved "https://registry.npmjs.org/acorn/-/acorn-7.4.1.tgz#feaed255973d2e77555b83dbc08851a6c63520fa"
  integrity sha512-nQyp0o1/mNdbTO1PO6kHkwSrmgZ0MT/jCCpNiwbUjGoRN4dlBhqJtoQuCnEOKzgTVwg0ZWiCoQy6SxMebQVh8A==

acorn@^8.0.0:
  version "8.8.1"
  resolved "https://registry.npmjs.org/acorn/-/acorn-8.8.1.tgz#0a3f9cbecc4ec3bea6f0a80b66ae8dd2da250b73"
  integrity sha512-7zFpHzhnqYKrkYdUjF1HI1bzd0VygEGX8lFk4k5zVMqHEoES+P+7TKI+EvLO9WVMJ8eekdO0aDEK044xTXwPPA==

balanced-match@^1.0.0:
  version "1.0.2"
  resolved "https://registry.npmjs.org/balanced-match/-/balanced-match-1.0.2.tgz#e83e3a7e3f300b34cb9d87f615fa0cbf357690ee"
  integrity sha512-3oSeUO0TMV67hN1AmbXsK4yaqU7tjiHlbxRDZOpH0KW9+CeX4bRAaX0Anxt0tx2MrpRpWwQaPwIlISEJhYU5Pw==

base64-js@^1.5.1:
  version "1.5.1"
  resolved "https://registry.npmjs.org/base64-js/-/base64-js-1.5.1.tgz#1b1b440160a5bf7ad40b650f095963481903930a"
  integrity sha512-AKpaYlHn8t4SVbOHCy+b5+KKgvR4vrsD8vbvrbiQJps7fKDTkjkDry6ji0rUJjC0kzbNePLwzxq8iypo41qeWA==

brace-expansion@^1.1.7:
  version "1.1.11"
  resolved "https://registry.npmjs.org/brace-expansion/-/brace-expansion-1.1.11.tgz#3c7fcbf529d87226f3d2f52b966ff5271eb441dd"
  integrity sha512-iCuPHDFgrHX7H2vEI/5xpz07zSHB00TpugqhmYtVmMO6518mCuRMoOYFldEBl0g187ufozdaHgWKcYFb61qGiA==
  dependencies:
    balanced-match "^1.0.0"
    concat-map "0.0.1"

braces@^3.0.2:
  version "3.0.2"
  resolved "https://registry.npmjs.org/braces/-/braces-3.0.2.tgz#3454e1a462ee8d599e236df336cd9ea4f8afe107"
  integrity sha512-b8um+L1RzM3WDSzvhm6gIz1yfTbBt6YTlcEKAvsmqCZZFw46z626lVj9j1yEPW33H5H+lBQpZMP1k8l+78Ha0A==
  dependencies:
    fill-range "^7.0.1"

concat-map@0.0.1:
  version "0.0.1"
  resolved "https://registry.npmjs.org/concat-map/-/concat-map-0.0.1.tgz#d8a96bd77fd68df7793a73036a3ba0d5405d477b"
  integrity sha512-/Srv4dswyQNBfohGpz9o6Yb3Gz3SrUDqBH5rTuhGR7ahtlbYKnVxw2bCFMRljaA7EXHaXZ8wsHdodFvbkhKmqg==

core-js@^3.8.3:
  version "3.26.0"
  resolved "https://registry.npmjs.org/core-js/-/core-js-3.26.0.tgz#a516db0ed0811be10eac5d94f3b8463d03faccfe"
  integrity sha512-+DkDrhoR4Y0PxDz6rurahuB+I45OsEUv8E1maPTB6OuHRohMMcznBq9TMpdpDMm/hUPob/mJJS3PqgbHpMTQgw==

cross-spawn@6.0.5:
  version "6.0.5"
  resolved "https://registry.npmjs.org/cross-spawn/-/cross-spawn-6.0.5.tgz#4a5ec7c64dfae22c3a14124dbacdee846d80cbc4"
  integrity sha512-eTVLrBSt7fjbDygz805pMnstIs2VTBNkRm0qxZd+M7A5XDdxVRWO5MxGBXZhjY4cqLYLdtrGqRf8mBPmzwSpWQ==
  dependencies:
    nice-try "^1.0.4"
    path-key "^2.0.1"
    semver "^5.5.0"
    shebang-command "^1.2.0"
    which "^1.2.9"

crypto-js@^4.0.0:
  version "4.1.1"
  resolved "https://registry.npmjs.org/crypto-js/-/crypto-js-4.1.1.tgz#9e485bcf03521041bd85844786b83fb7619736cf"
  integrity sha512-o2JlM7ydqd3Qk9CA0L4NL6mTzU2sdx96a+oOfPu8Mkl/PK51vSyoi8/rQ8NknZtk44vq15lmhAj9CIAGwgeWKw==

debug@^4.3.4:
  version "4.3.4"
  resolved "https://registry.npmjs.org/debug/-/debug-4.3.4.tgz#1319f6579357f2338d3337d2cdd4914bb5dcc865"
  integrity sha512-PRWFHuSU3eDtQJPvnNY7Jcket1j0t5OuOsFzPPzsekD52Zl8qUfFIPEiswXqIvHWGVHOgX+7G/vCNNhehwxfkQ==
  dependencies:
    ms "2.1.2"

elm-esm@1.1.4:
  version "1.1.4"
  resolved "https://registry.npmjs.org/elm-esm/-/elm-esm-1.1.4.tgz#ec42e300bffbd457f7173bdff740e68f6bcfc34e"
  integrity sha512-dGWDtgsdDrhn3GFl/uT6Yt5DIBgnvOmakLNl6brkoYqb7i8mQ/beHoR+emx3ux4M4sq3GpRfRvzMoiRHVcaWKw==
  dependencies:
    which "^2.0.2"

elm-tooling@^1.10.0:
  version "1.10.0"
  resolved "https://registry.npmjs.org/elm-tooling/-/elm-tooling-1.10.0.tgz#e0640d5d5cbb71ee7297293f1718f99abb84af95"
  integrity sha512-fMLXs7xHpr6LodtmvVJKepYC6chgSOfe5Hgv8GcFO+Id7O/CuT9+CAfrlzYxvBn91cm6ekWwHFDjPD765v5iBA==

esbuild-android-64@0.15.12:
  version "0.15.12"
  resolved "https://registry.npmjs.org/esbuild-android-64/-/esbuild-android-64-0.15.12.tgz#5e8151d5f0a748c71a7fbea8cee844ccf008e6fc"
  integrity sha512-MJKXwvPY9g0rGps0+U65HlTsM1wUs9lbjt5CU19RESqycGFDRijMDQsh68MtbzkqWSRdEtiKS1mtPzKneaAI0Q==

esbuild-android-arm64@0.15.12:
  version "0.15.12"
  resolved "https://registry.npmjs.org/esbuild-android-arm64/-/esbuild-android-arm64-0.15.12.tgz#5ee72a6baa444bc96ffcb472a3ba4aba2cc80666"
  integrity sha512-Hc9SEcZbIMhhLcvhr1DH+lrrec9SFTiRzfJ7EGSBZiiw994gfkVV6vG0sLWqQQ6DD7V4+OggB+Hn0IRUdDUqvA==

esbuild-darwin-64@0.15.12:
  version "0.15.12"
  resolved "https://registry.npmjs.org/esbuild-darwin-64/-/esbuild-darwin-64-0.15.12.tgz#70047007e093fa1b3ba7ef86f9b3fa63db51fe25"
  integrity sha512-qkmqrTVYPFiePt5qFjP8w/S+GIUMbt6k8qmiPraECUWfPptaPJUGkCKrWEfYFRWB7bY23FV95rhvPyh/KARP8Q==

esbuild-darwin-arm64@0.15.12:
  version "0.15.12"
  resolved "https://registry.npmjs.org/esbuild-darwin-arm64/-/esbuild-darwin-arm64-0.15.12.tgz#41c951f23d9a70539bcca552bae6e5196696ae04"
  integrity sha512-z4zPX02tQ41kcXMyN3c/GfZpIjKoI/BzHrdKUwhC/Ki5BAhWv59A9M8H+iqaRbwpzYrYidTybBwiZAIWCLJAkw==

esbuild-freebsd-64@0.15.12:
  version "0.15.12"
  resolved "https://registry.npmjs.org/esbuild-freebsd-64/-/esbuild-freebsd-64-0.15.12.tgz#a761b5afd12bbedb7d56c612e9cfa4d2711f33f0"
  integrity sha512-XFL7gKMCKXLDiAiBjhLG0XECliXaRLTZh6hsyzqUqPUf/PY4C6EJDTKIeqqPKXaVJ8+fzNek88285krSz1QECw==

esbuild-freebsd-arm64@0.15.12:
  version "0.15.12"
  resolved "https://registry.npmjs.org/esbuild-freebsd-arm64/-/esbuild-freebsd-arm64-0.15.12.tgz#6b0839d4d58deabc6cbd96276eb8cbf94f7f335e"
  integrity sha512-jwEIu5UCUk6TjiG1X+KQnCGISI+ILnXzIzt9yDVrhjug2fkYzlLbl0K43q96Q3KB66v6N1UFF0r5Ks4Xo7i72g==

esbuild-linux-32@0.15.12:
  version "0.15.12"
  resolved "https://registry.npmjs.org/esbuild-linux-32/-/esbuild-linux-32-0.15.12.tgz#bd50bfe22514d434d97d5150977496e2631345b4"
  integrity sha512-uSQuSEyF1kVzGzuIr4XM+v7TPKxHjBnLcwv2yPyCz8riV8VUCnO/C4BF3w5dHiVpCd5Z1cebBtZJNlC4anWpwA==

esbuild-linux-64@0.15.12:
  version "0.15.12"
  resolved "https://registry.npmjs.org/esbuild-linux-64/-/esbuild-linux-64-0.15.12.tgz#074bb2b194bf658245f8490f29c01ffcdfa8c931"
  integrity sha512-QcgCKb7zfJxqT9o5z9ZUeGH1k8N6iX1Y7VNsEi5F9+HzN1OIx7ESxtQXDN9jbeUSPiRH1n9cw6gFT3H4qbdvcA==

esbuild-linux-arm64@0.15.12:
  version "0.15.12"
  resolved "https://registry.npmjs.org/esbuild-linux-arm64/-/esbuild-linux-arm64-0.15.12.tgz#3bf789c4396dc032875a122988efd6f3733f28f5"
  integrity sha512-HtNq5xm8fUpZKwWKS2/YGwSfTF+339L4aIA8yphNKYJckd5hVdhfdl6GM2P3HwLSCORS++++7++//ApEwXEuAQ==

esbuild-linux-arm@0.15.12:
  version "0.15.12"
  resolved "https://registry.npmjs.org/esbuild-linux-arm/-/esbuild-linux-arm-0.15.12.tgz#b91b5a8d470053f6c2c9c8a5e67ec10a71fe4a67"
  integrity sha512-Wf7T0aNylGcLu7hBnzMvsTfEXdEdJY/hY3u36Vla21aY66xR0MS5I1Hw8nVquXjTN0A6fk/vnr32tkC/C2lb0A==

esbuild-linux-mips64le@0.15.12:
  version "0.15.12"
  resolved "https://registry.npmjs.org/esbuild-linux-mips64le/-/esbuild-linux-mips64le-0.15.12.tgz#2fb54099ada3c950a7536dfcba46172c61e580e2"
  integrity sha512-Qol3+AvivngUZkTVFgLpb0H6DT+N5/zM3V1YgTkryPYFeUvuT5JFNDR3ZiS6LxhyF8EE+fiNtzwlPqMDqVcc6A==

esbuild-linux-ppc64le@0.15.12:
  version "0.15.12"
  resolved "https://registry.npmjs.org/esbuild-linux-ppc64le/-/esbuild-linux-ppc64le-0.15.12.tgz#9e3b8c09825fb27886249dfb3142a750df29a1b7"
  integrity sha512-4D8qUCo+CFKaR0cGXtGyVsOI7w7k93Qxb3KFXWr75An0DHamYzq8lt7TNZKoOq/Gh8c40/aKaxvcZnTgQ0TJNg==

esbuild-linux-riscv64@0.15.12:
  version "0.15.12"
  resolved "https://registry.npmjs.org/esbuild-linux-riscv64/-/esbuild-linux-riscv64-0.15.12.tgz#923d0f5b6e12ee0d1fe116b08e4ae4478fe40693"
  integrity sha512-G9w6NcuuCI6TUUxe6ka0enjZHDnSVK8bO+1qDhMOCtl7Tr78CcZilJj8SGLN00zO5iIlwNRZKHjdMpfFgNn1VA==

esbuild-linux-s390x@0.15.12:
  version "0.15.12"
  resolved "https://registry.npmjs.org/esbuild-linux-s390x/-/esbuild-linux-s390x-0.15.12.tgz#3b1620220482b96266a0c6d9d471d451a1eab86f"
  integrity sha512-Lt6BDnuXbXeqSlVuuUM5z18GkJAZf3ERskGZbAWjrQoi9xbEIsj/hEzVnSAFLtkfLuy2DE4RwTcX02tZFunXww==

esbuild-netbsd-64@0.15.12:
  version "0.15.12"
  resolved "https://registry.npmjs.org/esbuild-netbsd-64/-/esbuild-netbsd-64-0.15.12.tgz#276730f80da646859b1af5a740e7802d8cd73e42"
  integrity sha512-jlUxCiHO1dsqoURZDQts+HK100o0hXfi4t54MNRMCAqKGAV33JCVvMplLAa2FwviSojT/5ZG5HUfG3gstwAG8w==

esbuild-openbsd-64@0.15.12:
  version "0.15.12"
  resolved "https://registry.npmjs.org/esbuild-openbsd-64/-/esbuild-openbsd-64-0.15.12.tgz#bd0eea1dd2ca0722ed489d88c26714034429f8ae"
  integrity sha512-1o1uAfRTMIWNOmpf8v7iudND0L6zRBYSH45sofCZywrcf7NcZA+c7aFsS1YryU+yN7aRppTqdUK1PgbZVaB1Dw==

esbuild-sunos-64@0.15.12:
  version "0.15.12"
  resolved "https://registry.npmjs.org/esbuild-sunos-64/-/esbuild-sunos-64-0.15.12.tgz#5e56bf9eef3b2d92360d6d29dcde7722acbecc9e"
  integrity sha512-nkl251DpoWoBO9Eq9aFdoIt2yYmp4I3kvQjba3jFKlMXuqQ9A4q+JaqdkCouG3DHgAGnzshzaGu6xofGcXyPXg==

esbuild-windows-32@0.15.12:
  version "0.15.12"
  resolved "https://registry.npmjs.org/esbuild-windows-32/-/esbuild-windows-32-0.15.12.tgz#a4f1a301c1a2fa7701fcd4b91ef9d2620cf293d0"
  integrity sha512-WlGeBZHgPC00O08luIp5B2SP4cNCp/PcS+3Pcg31kdcJPopHxLkdCXtadLU9J82LCfw4TVls21A6lilQ9mzHrw==

esbuild-windows-64@0.15.12:
  version "0.15.12"
  resolved "https://registry.npmjs.org/esbuild-windows-64/-/esbuild-windows-64-0.15.12.tgz#bc2b467541744d653be4fe64eaa9b0dbbf8e07f6"
  integrity sha512-VActO3WnWZSN//xjSfbiGOSyC+wkZtI8I4KlgrTo5oHJM6z3MZZBCuFaZHd8hzf/W9KPhF0lY8OqlmWC9HO5AA==

esbuild-windows-arm64@0.15.12:
  version "0.15.12"
  resolved "https://registry.npmjs.org/esbuild-windows-arm64/-/esbuild-windows-arm64-0.15.12.tgz#9a7266404334a86be800957eaee9aef94c3df328"
  integrity sha512-Of3MIacva1OK/m4zCNIvBfz8VVROBmQT+gRX6pFTLPngFYcj6TFH/12VveAqq1k9VB2l28EoVMNMUCcmsfwyuA==

esbuild@^0.15.9:
  version "0.15.12"
  resolved "https://registry.npmjs.org/esbuild/-/esbuild-0.15.12.tgz#6c8e22d6d3b7430d165c33848298d3fc9a1f251c"
  integrity sha512-PcT+/wyDqJQsRVhaE9uX/Oq4XLrFh0ce/bs2TJh4CSaw9xuvI+xFrH2nAYOADbhQjUgAhNWC5LKoUsakm4dxng==
  optionalDependencies:
    "@esbuild/android-arm" "0.15.12"
    "@esbuild/linux-loong64" "0.15.12"
    esbuild-android-64 "0.15.12"
    esbuild-android-arm64 "0.15.12"
    esbuild-darwin-64 "0.15.12"
    esbuild-darwin-arm64 "0.15.12"
    esbuild-freebsd-64 "0.15.12"
    esbuild-freebsd-arm64 "0.15.12"
    esbuild-linux-32 "0.15.12"
    esbuild-linux-64 "0.15.12"
    esbuild-linux-arm "0.15.12"
    esbuild-linux-arm64 "0.15.12"
    esbuild-linux-mips64le "0.15.12"
    esbuild-linux-ppc64le "0.15.12"
    esbuild-linux-riscv64 "0.15.12"
    esbuild-linux-s390x "0.15.12"
    esbuild-netbsd-64 "0.15.12"
    esbuild-openbsd-64 "0.15.12"
    esbuild-sunos-64 "0.15.12"
    esbuild-windows-32 "0.15.12"
    esbuild-windows-64 "0.15.12"
    esbuild-windows-arm64 "0.15.12"

fast-glob@^3.2.11:
  version "3.2.12"
  resolved "https://registry.npmjs.org/fast-glob/-/fast-glob-3.2.12.tgz#7f39ec99c2e6ab030337142da9e0c18f37afae80"
  integrity sha512-DVj4CQIYYow0BlaelwK1pHl5n5cRSJfM60UA0zK891sVInoPri2Ekj7+e1CT3/3qxXenpI+nBBmQAcJPJgaj4w==
  dependencies:
    "@nodelib/fs.stat" "^2.0.2"
    "@nodelib/fs.walk" "^1.2.3"
    glob-parent "^5.1.2"
    merge2 "^1.3.0"
    micromatch "^4.0.4"

fastq@^1.6.0:
  version "1.13.0"
  resolved "https://registry.npmjs.org/fastq/-/fastq-1.13.0.tgz#616760f88a7526bdfc596b7cab8c18938c36b98c"
  integrity sha512-YpkpUnK8od0o1hmeSc7UUs/eB/vIPWJYjKck2QKIzAf71Vm1AAQ3EbuZB3g2JIy+pg+ERD0vqI79KyZiB2e2Nw==
  dependencies:
    reusify "^1.0.4"

fill-range@^7.0.1:
  version "7.0.1"
  resolved "https://registry.npmjs.org/fill-range/-/fill-range-7.0.1.tgz#1919a6a7c75fe38b2c7c77e5198535da9acdda40"
  integrity sha512-qOo9F+dMUmC2Lcb4BbVvnKJxTPjCm+RRpe4gDuGrzkL7mEVl/djYSu2OdQ2Pa302N4oqkSg9ir6jaLWJ2USVpQ==
  dependencies:
    to-regex-range "^5.0.1"

find-elm-dependencies@^2.0.4:
  version "2.0.4"
  resolved "https://registry.npmjs.org/find-elm-dependencies/-/find-elm-dependencies-2.0.4.tgz#0a327fc8c0c0297b54115efbf0a9d6de474cfc89"
  integrity sha512-x/4w4fVmlD2X4PD9oQ+yh9EyaQef6OtEULdMGBTuWx0Nkppvo2Z/bAiQioW2n+GdRYKypME2b9OmYTw5tw5qDg==
  dependencies:
    firstline "^1.2.0"
    lodash "^4.17.19"

firstline@^1.2.0:
  version "1.3.1"
  resolved "https://registry.npmjs.org/firstline/-/firstline-1.3.1.tgz#59e84af0fd858fbc6dac0a0ff97fd22a47e58084"
  integrity sha512-ycwgqtoxujz1dm0kjkBFOPQMESxB9uKc/PlD951dQDIG+tBXRpYZC2UmJb0gDxopQ1ZX6oyRQN3goRczYu7Deg==

fs.realpath@^1.0.0:
  version "1.0.0"
  resolved "https://registry.npmjs.org/fs.realpath/-/fs.realpath-1.0.0.tgz#1504ad2523158caa40db4a2787cb01411994ea4f"
  integrity sha512-OO0pH2lK6a0hZnAdau5ItzHPI6pUlvI7jMVnxUQRtw4owF2wk8lOSabtGDCTP4Ggrg2MbGnWO9X8K1t4+fGMDw==

fsevents@~2.3.2:
  version "2.3.2"
  resolved "https://registry.npmjs.org/fsevents/-/fsevents-2.3.2.tgz#8a526f78b8fdf4623b709e0b975c52c24c02fd1a"
  integrity sha512-xiqMQR4xAeHTuB9uWm+fFRcIOgKBMiOBP+eXiyT7jsgVCq1bkVygt00oASowB7EdtpOHaaPgKt812P9ab+DDKA==

function-bind@^1.1.1:
  version "1.1.1"
  resolved "https://registry.npmjs.org/function-bind/-/function-bind-1.1.1.tgz#a56899d3ea3c9bab874bb9773b7c5ede92f4895d"
  integrity sha512-yIovAzMX49sF8Yl58fSCWJ5svSLuaibPxXQJFLmBObTuCr0Mf1KiPopGM9NiFjiYBCbfaa2Fh6breQ6ANVTI0A==

glob-parent@^5.1.2:
  version "5.1.2"
  resolved "https://registry.npmjs.org/glob-parent/-/glob-parent-5.1.2.tgz#869832c58034fe68a4093c17dc15e8340d8401c4"
  integrity sha512-AOIgSQCepiJYwP3ARnGx+5VnTu2HBYdzbGP45eLw1vr3zB3vZLeyed1sC9hnbcOc9/SrMyM5RPQrkGz4aS9Zow==
  dependencies:
    is-glob "^4.0.1"

glob@^7.1.3:
  version "7.2.3"
  resolved "https://registry.npmjs.org/glob/-/glob-7.2.3.tgz#b8df0fb802bbfa8e89bd1d938b4e16578ed44f2b"
  integrity sha512-nFR0zLpU2YCaRxwoCJvL6UvCH2JFyFVIvwTLsIf21AuHlMskA1hhTdk+LlYJtOlYt9v6dvszD2BGRqBL+iQK9Q==
  dependencies:
    fs.realpath "^1.0.0"
    inflight "^1.0.4"
    inherits "2"
    minimatch "^3.1.1"
    once "^1.3.0"
    path-is-absolute "^1.0.0"

has@^1.0.3:
  version "1.0.3"
  resolved "https://registry.npmjs.org/has/-/has-1.0.3.tgz#722d7cbfc1f6aa8241f16dd814e011e1f41e8796"
  integrity sha512-f2dvO0VU6Oej7RkWJGrehjbzMAjFp5/VKPp5tTpWIV4JHHZK1/BxbFRtf/siA2SWTe09caDmVtYYzWEIbBS4zw==
  dependencies:
    function-bind "^1.1.1"

inflight@^1.0.4:
  version "1.0.6"
  resolved "https://registry.npmjs.org/inflight/-/inflight-1.0.6.tgz#49bd6331d7d02d0c09bc910a1075ba8165b56df9"
  integrity sha512-k92I/b08q4wvFscXCLvqfsHCrjrF7yiXsQuIVvVE7N82W3+aqpzuUdBbfhWcy/FZR3/4IgflMgKLOsvPDrGCJA==
  dependencies:
    once "^1.3.0"
    wrappy "1"

inherits@2:
  version "2.0.4"
  resolved "https://registry.npmjs.org/inherits/-/inherits-2.0.4.tgz#0fa2c64f932917c3433a0ded55363aae37416b7c"
  integrity sha512-k/vGaX4/Yla3WzyMCvTQOXYeIHvqOKtnqBduzTHpzpQZzAskKMhZ2K+EnBiSM9zGSoIFeMpXKxa4dYeZIQqewQ==

is-core-module@^2.9.0:
  version "2.11.0"
  resolved "https://registry.npmjs.org/is-core-module/-/is-core-module-2.11.0.tgz#ad4cb3e3863e814523c96f3f58d26cc570ff0144"
  integrity sha512-RRjxlvLDkD1YJwDbroBHMb+cukurkDWNyHx7D3oNB5x9rb5ogcksMC5wHCadcXoo67gVr/+3GFySh3134zi6rw==
  dependencies:
    has "^1.0.3"

is-extglob@^2.1.1:
  version "2.1.1"
  resolved "https://registry.npmjs.org/is-extglob/-/is-extglob-2.1.1.tgz#a88c02535791f02ed37c76a1b9ea9773c833f8c2"
  integrity sha512-SbKbANkN603Vi4jEZv49LeVJMn4yGwsbzZworEoyEiutsN3nJYdbO36zfhGJ6QEDpOZIFkDtnq5JRxmvl3jsoQ==

is-glob@^4.0.1:
  version "4.0.3"
  resolved "https://registry.npmjs.org/is-glob/-/is-glob-4.0.3.tgz#64f61e42cbbb2eec2071a9dac0b28ba1e65d5084"
  integrity sha512-xelSayHH36ZgE7ZWhli7pW34hNbNl8Ojv5KVmkJD4hBdD3th8Tfk9vYasLM+mXWOZhFkgZfxhLSnrwRr4elSSg==
  dependencies:
    is-extglob "^2.1.1"

is-number@^7.0.0:
  version "7.0.0"
  resolved "https://registry.npmjs.org/is-number/-/is-number-7.0.0.tgz#7535345b896734d5f80c4d06c50955527a14f12b"
  integrity sha512-41Cifkg6e8TylSpdtTpeLVMqvSBEVzTttHvERD741+pnZ8ANv0004MRL43QKPDlK9cGvNp6NZWZUBlbGXYxxng==

isexe@^2.0.0:
  version "2.0.0"
  resolved "https://registry.npmjs.org/isexe/-/isexe-2.0.0.tgz#e8fbf374dc556ff8947a10dcb0572d633f2cfa10"
  integrity sha512-RHxMLp9lnKHGHRng9QFhRCMbYAcVpn69smSGcq3f36xjgVVWThj4qqLbTLlq7Ssj8B+fIQ1EuCEGI2lKsyQeIw==

jiti@^1.14.0:
  version "1.16.0"
  resolved "https://registry.npmjs.org/jiti/-/jiti-1.16.0.tgz#f72065954446ad1866fa8d6bcc3bed3cc1cebdaa"
  integrity sha512-L3BJStEf5NAqNuzrpfbN71dp43mYIcBUlCRea/vdyv5dW/AYa1d4bpelko4SHdY3I6eN9Wzyasxirj1/vv5kmg==

kolorist@^1.5.1:
  version "1.6.0"
  resolved "https://registry.npmjs.org/kolorist/-/kolorist-1.6.0.tgz#f43ac794305b30032a5bedcae7799d0f91d2ff36"
  integrity sha512-dLkz37Ab97HWMx9KTes3Tbi3D1ln9fCAy2zr2YVExJasDRPGRaKcoE4fycWNtnCAJfjFqe0cnY+f8KT2JePEXQ==

lodash@^4.17.19:
  version "4.17.21"
  resolved "https://registry.npmjs.org/lodash/-/lodash-4.17.21.tgz#679591c564c3bffaae8454cf0b3df370c3d6911c"
  integrity sha512-v2kDEe57lecTulaDIuNTPy3Ry4gLGJ6Z1O3vE1krgXZNrsQ+LFTGHVxVjcXPs17LhbZVGedAJv8XZ1tvj5FvSg==

magic-string@^0.26.2:
  version "0.26.7"
  resolved "https://registry.npmjs.org/magic-string/-/magic-string-0.26.7.tgz#caf7daf61b34e9982f8228c4527474dac8981d6f"
  integrity sha512-hX9XH3ziStPoPhJxLq1syWuZMxbDvGNbVchfrdCtanC7D13888bMFow61x8axrx+GfHLtVeAx2kxL7tTGRl+Ow==
  dependencies:
    sourcemap-codec "^1.4.8"

merge2@^1.3.0:
  version "1.4.1"
  resolved "https://registry.npmjs.org/merge2/-/merge2-1.4.1.tgz#4368892f885e907455a6fd7dc55c0c9d404990ae"
  integrity sha512-8q7VEgMJW4J8tcfVPy8g09NcQwZdbwFEqhe/WZkoIzjn/3TGDwtOCYtXGxA3O8tPzpczCCDgv+P2P5y00ZJOOg==

micromatch@^4.0.4, micromatch@^4.0.5:
  version "4.0.5"
  resolved "https://registry.npmjs.org/micromatch/-/micromatch-4.0.5.tgz#bc8999a7cbbf77cdc89f132f6e467051b49090c6"
  integrity sha512-DMy+ERcEW2q8Z2Po+WNXuw3c5YaUSFjAO5GsJqfEl7UjvtIuFKO6ZrKvcItdy98dwFI2N1tg3zNIdKaQT+aNdA==
  dependencies:
    braces "^3.0.2"
    picomatch "^2.3.1"

minimatch@^3.1.1:
  version "3.1.2"
  resolved "https://registry.npmjs.org/minimatch/-/minimatch-3.1.2.tgz#19cd194bfd3e428f049a70817c038d89ab4be35b"
  integrity sha512-J7p63hRiAjw1NDEww1W7i37+ByIrOWO5XQQAzZ3VOcL0PNybwpfmV/N05zFAzwQ9USyEcX6t3UO+K5aqBQOIHw==
  dependencies:
    brace-expansion "^1.1.7"

minimist@^1.2.6:
  version "1.2.7"
  resolved "https://registry.npmjs.org/minimist/-/minimist-1.2.7.tgz#daa1c4d91f507390437c6a8bc01078e7000c4d18"
  integrity sha512-bzfL1YUZsP41gmu/qjrEk0Q6i2ix/cVeAhbCbqH9u3zYutS1cLg00qhrD0M2MVdCcx4Sc0UpP2eBWo9rotpq6g==

mkdirp@^0.5.1:
  version "0.5.6"
  resolved "https://registry.npmjs.org/mkdirp/-/mkdirp-0.5.6.tgz#7def03d2432dcae4ba1d611445c48396062255f6"
  integrity sha512-FP+p8RB8OWpF3YZBCrP5gtADmtXApB5AMLn+vdyA+PyxCjrCs00mjyUozssO33cwDeT3wNGdLxJ5M//YqtHAJw==
  dependencies:
    minimist "^1.2.6"

ms@2.1.2:
  version "2.1.2"
  resolved "https://registry.npmjs.org/ms/-/ms-2.1.2.tgz#d09d1f357b443f493382a8eb3ccd183872ae6009"
  integrity sha512-sGkPx+VjMtmA6MX27oA4FBFELFCZZ4S4XqeGOXCv68tT+jb3vk/RyaKWP0PTKyWtmLSM0b+adUTEvbs1PEaH2w==

nanoid@^3.3.4:
  version "3.3.4"
  resolved "https://registry.npmjs.org/nanoid/-/nanoid-3.3.4.tgz#730b67e3cd09e2deacf03c027c81c9d9dbc5e8ab"
  integrity sha512-MqBkQh/OHTS2egovRtLk45wEyNXwF+cokD+1YPf9u5VfJiRdAiRwB2froX5Co9Rh20xs4siNPm8naNotSD6RBw==

nice-try@^1.0.4:
  version "1.0.5"
  resolved "https://registry.npmjs.org/nice-try/-/nice-try-1.0.5.tgz#a3378a7696ce7d223e88fc9b764bd7ef1089e366"
  integrity sha512-1nh45deeb5olNY7eX82BkPO7SSxR5SSYJiPTrTdFUVYwAl8CKMA5N9PjTYkHiRjisVcxcQ1HXdLhx2qxxJzLNQ==

node-elm-compiler@5.0.6:
  version "5.0.6"
  resolved "https://registry.npmjs.org/node-elm-compiler/-/node-elm-compiler-5.0.6.tgz#d4a6e6c9d9a26dba4211ccd2aeae7d5e34057f0c"
  integrity sha512-DWTRQR8b54rvschcZRREdsz7K84lnS8A6YJu8du3QLQ8f204SJbyTaA6NzYYbfUG97OTRKRv/0KZl82cTfpLhA==
  dependencies:
    cross-spawn "6.0.5"
    find-elm-dependencies "^2.0.4"
    lodash "^4.17.19"
    temp "^0.9.0"

oidc-client@^1.11.5:
  version "1.11.5"
  resolved "https://registry.npmjs.org/oidc-client/-/oidc-client-1.11.5.tgz#020aa193d68a3e1f87a24fcbf50073b738de92bb"
  integrity sha512-LcKrKC8Av0m/KD/4EFmo9Sg8fSQ+WFJWBrmtWd+tZkNn3WT/sQG3REmPANE9tzzhbjW6VkTNy4xhAXCfPApAOg==
  dependencies:
    acorn "^7.4.1"
    base64-js "^1.5.1"
    core-js "^3.8.3"
    crypto-js "^4.0.0"
    serialize-javascript "^4.0.0"

once@^1.3.0:
  version "1.4.0"
  resolved "https://registry.npmjs.org/once/-/once-1.4.0.tgz#583b1aa775961d4b113ac17d9c50baef9dd76bd1"
  integrity sha512-lNaJgI+2Q5URQBkccEKHTQOPaXdUxnZZElQTZY0MFUAuaEqe1E+Nyvgdz/aIyNi6Z9MzO5dv1H8n58/GELp3+w==
  dependencies:
    wrappy "1"

path-is-absolute@^1.0.0:
  version "1.0.1"
  resolved "https://registry.npmjs.org/path-is-absolute/-/path-is-absolute-1.0.1.tgz#174b9268735534ffbc7ace6bf53a5a9e1b5c5f5f"
  integrity sha512-AVbw3UJ2e9bq64vSaS9Am0fje1Pa8pbGqTTsmXfaIiMpnr5DlDhfJOuLj9Sf95ZPVDAUerDfEk88MPmPe7UCQg==

path-key@^2.0.1:
  version "2.0.1"
  resolved "https://registry.npmjs.org/path-key/-/path-key-2.0.1.tgz#411cadb574c5a140d3a4b1910d40d80cc9f40b40"
  integrity sha512-fEHGKCSmUSDPv4uoj8AlD+joPlq3peND+HRYyxFz4KPw4z926S/b8rIuFs2FYJg3BwsxJf6A9/3eIdLaYC+9Dw==

path-parse@^1.0.7:
  version "1.0.7"
  resolved "https://registry.npmjs.org/path-parse/-/path-parse-1.0.7.tgz#fbc114b60ca42b30d9daf5858e4bd68bbedb6735"
  integrity sha512-LDJzPVEEEPR+y48z93A0Ed0yXb8pAByGWo/k5YYdYgpY2/2EsOsksJrq7lOHxryrVOn1ejG6oAp8ahvOIQD8sw==

picocolors@^1.0.0:
  version "1.0.0"
  resolved "https://registry.npmjs.org/picocolors/-/picocolors-1.0.0.tgz#cb5bdc74ff3f51892236eaf79d68bc44564ab81c"
  integrity sha512-1fygroTLlHu66zi26VoTDv8yRgm0Fccecssto+MhsZ0D/DGW2sm8E8AjW7NU5VVTRt5GxbeZ5qBuJr+HyLYkjQ==

picomatch@^2.3.1:
  version "2.3.1"
  resolved "https://registry.npmjs.org/picomatch/-/picomatch-2.3.1.tgz#3ba3833733646d9d3e4995946c1365a67fb07a42"
  integrity sha512-JU3teHTNjmE2VCGFzuY8EXzCDVwEqB2a8fsIvwaStHhAWJEeVd1o1QD80CU6+ZdEXXSLbSsuLwJjkCBWqRQUVA==

postcss@^8.4.18:
  version "8.4.18"
  resolved "https://registry.npmjs.org/postcss/-/postcss-8.4.18.tgz#6d50046ea7d3d66a85e0e782074e7203bc7fbca2"
  integrity sha512-Wi8mWhncLJm11GATDaQKobXSNEYGUHeQLiQqDFG1qQ5UTDPTEvKw0Xt5NsTpktGTwLps3ByrWsBrG0rB8YQ9oA==
  dependencies:
    nanoid "^3.3.4"
    picocolors "^1.0.0"
    source-map-js "^1.0.2"

queue-microtask@^1.2.2:
  version "1.2.3"
  resolved "https://registry.npmjs.org/queue-microtask/-/queue-microtask-1.2.3.tgz#4929228bbc724dfac43e0efb058caf7b6cfb6243"
  integrity sha512-NuaNSa6flKT5JaSYQzJok04JzTL1CA6aGhv5rfLW3PgqA+M2ChpZQnAC8h8i4ZFkBS8X5RqkDBHA7r4hej3K9A==

randombytes@^2.1.0:
  version "2.1.0"
  resolved "https://registry.npmjs.org/randombytes/-/randombytes-2.1.0.tgz#df6f84372f0270dc65cdf6291349ab7a473d4f2a"
  integrity sha512-vYl3iOX+4CKUWuxGi9Ukhie6fsqXqS9FE2Zaic4tNFD2N2QQaXOMFbuKK4QmDHC0JO6B1Zp41J0LpT0oR68amQ==
  dependencies:
    safe-buffer "^5.1.0"

resolve@^1.22.1:
  version "1.22.1"
  resolved "https://registry.npmjs.org/resolve/-/resolve-1.22.1.tgz#27cb2ebb53f91abb49470a928bba7558066ac177"
  integrity sha512-nBpuuYuY5jFsli/JIs1oldw6fOQCBioohqWZg/2hiaOybXOft4lonv85uDOKXdf8rhyK159cxU5cDcK/NKk8zw==
  dependencies:
    is-core-module "^2.9.0"
    path-parse "^1.0.7"
    supports-preserve-symlinks-flag "^1.0.0"

reusify@^1.0.4:
  version "1.0.4"
  resolved "https://registry.npmjs.org/reusify/-/reusify-1.0.4.tgz#90da382b1e126efc02146e90845a88db12925d76"
  integrity sha512-U9nH88a3fc/ekCF1l0/UP1IosiuIjyTh7hBvXVMHYgVcfGvt897Xguj2UOLDeI5BG2m7/uwyaLVT6fbtCwTyzw==

rimraf@~2.6.2:
  version "2.6.3"
  resolved "https://registry.npmjs.org/rimraf/-/rimraf-2.6.3.tgz#b2d104fe0d8fb27cf9e0a1cda8262dd3833c6cab"
  integrity sha512-mwqeW5XsA2qAejG46gYdENaxXjx9onRNCfn7L0duuP4hCuTIi/QO7PDK07KJfp1d+izWPrzEJDcSqBa0OZQriA==
  dependencies:
    glob "^7.1.3"

rollup@^2.79.1:
  version "2.79.1"
  resolved "https://registry.npmjs.org/rollup/-/rollup-2.79.1.tgz#bedee8faef7c9f93a2647ac0108748f497f081c7"
  integrity sha512-uKxbd0IhMZOhjAiD5oAFp7BqvkA4Dv47qpOCtaNvng4HBwdbWtdOh8f5nZNuk2rp51PMGk3bzfWu5oayNEuYnw==
  optionalDependencies:
    fsevents "~2.3.2"

run-parallel@^1.1.9:
  version "1.2.0"
  resolved "https://registry.npmjs.org/run-parallel/-/run-parallel-1.2.0.tgz#66d1368da7bdf921eb9d95bd1a9229e7f21a43ee"
  integrity sha512-5l4VyZR86LZ/lDxZTR6jqL8AFE2S0IFLMP26AbjsLVADxHdhB/c0GUsH+y39UfCi3dzz8OlQuPmnaJOMoDHQBA==
  dependencies:
    queue-microtask "^1.2.2"

safe-buffer@^5.1.0:
  version "5.2.1"
  resolved "https://registry.npmjs.org/safe-buffer/-/safe-buffer-5.2.1.tgz#1eaf9fa9bdb1fdd4ec75f58f9cdb4e6b7827eec6"
  integrity sha512-rp3So07KcdmmKbGvgaNxQSJr7bGVSVk5S9Eq1F+ppbRo70+YeaDxkw5Dd8NPN+GD6bjnYm2VuPuCXmpuYvmCXQ==

semver@^5.5.0:
  version "5.7.1"
  resolved "https://registry.npmjs.org/semver/-/semver-5.7.1.tgz#a954f931aeba508d307bbf069eff0c01c96116f7"
  integrity sha512-sauaDf/PZdVgrLTNYHRtpXa1iRiKcaebiKQ1BJdpQlWH2lCvexQdX55snPFyK7QzpudqbCI0qXFfOasHdyNDGQ==

serialize-javascript@^4.0.0:
  version "4.0.0"
  resolved "https://registry.npmjs.org/serialize-javascript/-/serialize-javascript-4.0.0.tgz#b525e1238489a5ecfc42afacc3fe99e666f4b1aa"
  integrity sha512-GaNA54380uFefWghODBWEGisLZFj00nS5ACs6yHa9nLqlLpVLO8ChDGeKRjZnV4Nh4n0Qi7nhYZD/9fCPzEqkw==
  dependencies:
    randombytes "^2.1.0"

shebang-command@^1.2.0:
  version "1.2.0"
  resolved "https://registry.npmjs.org/shebang-command/-/shebang-command-1.2.0.tgz#44aac65b695b03398968c39f363fee5deafdf1ea"
  integrity sha512-EV3L1+UQWGor21OmnvojK36mhg+TyIKDh3iFBKBohr5xeXIhNBcx8oWdgkTEEQ+BEFFYdLRuqMfd5L84N1V5Vg==
  dependencies:
    shebang-regex "^1.0.0"

shebang-regex@^1.0.0:
  version "1.0.0"
  resolved "https://registry.npmjs.org/shebang-regex/-/shebang-regex-1.0.0.tgz#da42f49740c0b42db2ca9728571cb190c98efea3"
  integrity sha512-wpoSFAxys6b2a2wHZ1XpDSgD7N9iVjg29Ph9uV/uaP9Ex/KXlkTZTeddxDPSYQpgvzKLGJke2UU0AzoGCjNIvQ==

source-map-js@^1.0.2:
  version "1.0.2"
  resolved "https://registry.npmjs.org/source-map-js/-/source-map-js-1.0.2.tgz#adbc361d9c62df380125e7f161f71c826f1e490c"
  integrity sha512-R0XvVJ9WusLiqTCEiGCmICCMplcCkIwwR11mOSD9CR5u+IXYdiseeEuXCVAjS54zqwkLcPNnmU4OeJ6tUrWhDw==

sourcemap-codec@^1.4.8:
  version "1.4.8"
  resolved "https://registry.npmjs.org/sourcemap-codec/-/sourcemap-codec-1.4.8.tgz#ea804bd94857402e6992d05a38ef1ae35a9ab4c4"
  integrity sha512-9NykojV5Uih4lgo5So5dtw+f0JgJX30KCNI8gwhz2J9A15wD0Ml6tjHKwf6fTSa6fAdVBdZeNOs9eJ71qCk8vA==

supports-preserve-symlinks-flag@^1.0.0:
  version "1.0.0"
  resolved "https://registry.npmjs.org/supports-preserve-symlinks-flag/-/supports-preserve-symlinks-flag-1.0.0.tgz#6eda4bd344a3c94aea376d4cc31bc77311039e09"
  integrity sha512-ot0WnXS9fgdkgIcePe6RHNk1WA8+muPa6cSjeR3V8K27q9BB1rTE3R1p7Hv0z1ZyAc8s6Vvv8DIyWf681MAt0w==

temp@^0.9.0:
  version "0.9.4"
  resolved "https://registry.npmjs.org/temp/-/temp-0.9.4.tgz#cd20a8580cb63635d0e4e9d4bd989d44286e7620"
  integrity sha512-yYrrsWnrXMcdsnu/7YMYAofM1ktpL5By7vZhf15CrXijWWrEYZks5AXBudalfSWJLlnen/QUJUB5aoB0kqZUGA==
  dependencies:
    mkdirp "^0.5.1"
    rimraf "~2.6.2"

tiny-emitter@^2.1.0:
  version "2.1.0"
  resolved "https://registry.npmjs.org/tiny-emitter/-/tiny-emitter-2.1.0.tgz#1d1a56edfc51c43e863cbb5382a72330e3555423"
  integrity sha512-NB6Dk1A9xgQPMoGqC5CVXn123gWyte215ONT5Pp5a0yt4nlEoO1ZWeCwpncaekPHXO60i47ihFnZPiRPjRMq4Q==

to-regex-range@^5.0.1:
  version "5.0.1"
  resolved "https://registry.npmjs.org/to-regex-range/-/to-regex-range-5.0.1.tgz#1648c44aae7c8d988a326018ed72f5b4dd0392e4"
  integrity sha512-65P7iz6X5yEr1cwcgvQxbbIw7Uk3gOy5dIdtZ4rDveLqhrdJP+Li/Hx6tyK0NEb+2GCyneCMJiGqrADCSNk8sQ==
  dependencies:
    is-number "^7.0.0"

vite-plugin-elm@^2.7.0-beta.3:
  version "2.7.2"
  resolved "https://registry.npmjs.org/vite-plugin-elm/-/vite-plugin-elm-2.7.2.tgz#134e2233c32ab07eae1f2710f22b5a7597edea69"
  integrity sha512-iOp89Jg5AROb4GApyyWjKqspqIx9cGzPxHKX9JxPTdCd1cUVlqhJPWEJOTar0FcknzCsShm4XQQ3XbCtnCHsyQ==
  dependencies:
    acorn "^8.0.0"
    acorn-walk "^8.0.0"
    elm-esm "1.1.4"
    node-elm-compiler "5.0.6"

vite-plugin-windicss@^1.8.7:
  version "1.8.8"
  resolved "https://registry.npmjs.org/vite-plugin-windicss/-/vite-plugin-windicss-1.8.8.tgz#ff1adf7d1a1c38634c77a4c0125fa730d16138e7"
  integrity sha512-iyu+ZX0NmhNEUaLPv7xtC+EFRBpWMmw0nhd9a9upayfuNG/thwslKiQKmRB7U/dG0k/2oWLvPDvN/B9i7oRgSA==
  dependencies:
    "@windicss/plugin-utils" "1.8.8"
    debug "^4.3.4"
    kolorist "^1.5.1"
    windicss "^3.5.6"

vite@^3.2.1:
  version "3.2.1"
  resolved "https://registry.npmjs.org/vite/-/vite-3.2.1.tgz#dc1f54568300a7acdd89c8611e2719c21f1334f4"
  integrity sha512-ADtMkfHuWq4tskJsri2n2FZkORO8ZyhI+zIz7zTrDAgDEtct1jdxOg3YsZBfHhKjmMoWLOSCr+64qrEDGo/DbQ==
  dependencies:
    esbuild "^0.15.9"
    postcss "^8.4.18"
    resolve "^1.22.1"
    rollup "^2.79.1"
  optionalDependencies:
    fsevents "~2.3.2"

which@^1.2.9:
  version "1.3.1"
  resolved "https://registry.npmjs.org/which/-/which-1.3.1.tgz#a45043d54f5805316da8d62f9f50918d3da70b0a"
  integrity sha512-HxJdYWq1MTIQbJ3nw0cqssHoTNU267KlrDuGZ1WYlxDStUtKUhOaJmh112/TZmHxxUfuJqPXSOm7tDyas0OSIQ==
  dependencies:
    isexe "^2.0.0"

which@^2.0.2:
  version "2.0.2"
  resolved "https://registry.npmjs.org/which/-/which-2.0.2.tgz#7c6a8dd0a636a0327e10b59c9286eee93f3f51b1"
  integrity sha512-BLI3Tl1TW3Pvl70l3yq3Y64i+awpwXqsGBYWkkqMtnbXgrMD+yj7rhW0kuEDxzJaYXGjEW5ogapKNMEKNMjibA==
  dependencies:
    isexe "^2.0.0"

windicss@^3.5.6:
  version "3.5.6"
  resolved "https://registry.npmjs.org/windicss/-/windicss-3.5.6.tgz#30a34da76894d952a96c9a1921f2e91e13932183"
  integrity sha512-P1mzPEjgFMZLX0ZqfFht4fhV/FX8DTG7ERG1fBLiWvd34pTLVReS5CVsewKn9PApSgXnVfPWwvq+qUsRwpnwFA==

wrappy@1:
  version "1.0.2"
  resolved "https://registry.npmjs.org/wrappy/-/wrappy-1.0.2.tgz#b5243d8f3ec1aa35f1364605bc0d1036e30ab69f"
  integrity sha512-l4Sp/DRseor9wL6EvV2+TuQn63dMkPjZ/sp9XkghTEbV9KlPS1xUsZ3u7/IQO4wxtcFB4bgpQPRcR3QCvezPcQ==
