
Microsoft Visual Studio Solution File, Format Version 12.00
# Visual Studio Version 17
VisualStudioVersion = 17.0.31903.59
MinimumVisualStudioVersion = 10.0.40219.1
Project("{FAE04EC0-301F-11D3-BF4B-00C04F79EFBC}") = "FbApp.AppHost", "FbApp.AppHost\FbApp.AppHost.csproj", "{EA9B2580-D0B5-40E0-A58A-7D80B9A063A7}"
EndProject
Project("{FAE04EC0-301F-11D3-BF4B-00C04F79EFBC}") = "FbApp.ServiceDefaults", "FbApp.ServiceDefaults\FbApp.ServiceDefaults.csproj", "{A9326629-2827-4756-8B87-D5355A7918A4}"
EndProject
Project("{F2A71F9B-5D33-465A-A702-920D77279786}") = "FbApp.Modules.UserAccess", "FbApp.Modules.UserAccess\FbApp.Modules.UserAccess.fsproj", "{39B0AFBC-E4F3-4741-B685-76A0C9A3973F}"
EndProject
Project("{2150E333-8FDC-42A3-9474-1A3956D46DE8}") = ".", ".", "{02A309F9-45F0-4B83-B663-B28FDB1E8B20}"
	ProjectSection(SolutionItems) = preProject
		Directory.Packages.props = Directory.Packages.props
		..\README.md = ..\README.md
	EndProjectSection
EndProject
Project("{F2A71F9B-5D33-465A-A702-920D77279786}") = "FbApp", "FbApp\FbApp.fsproj", "{9640B5B4-5CE4-44BB-8EC7-D27D93538BF7}"
EndProject
Project("{F2A71F9B-5D33-465A-A702-920D77279786}") = "FbApp.Modules.WebApp", "FbApp.Modules.WebApp\FbApp.Modules.WebApp.fsproj", "{F2393228-9AE4-4BA9-9D73-3F26B092CDAB}"
EndProject
Global
	GlobalSection(SolutionConfigurationPlatforms) = preSolution
		Debug|Any CPU = Debug|Any CPU
		Release|Any CPU = Release|Any CPU
	EndGlobalSection
	GlobalSection(SolutionProperties) = preSolution
		HideSolutionNode = FALSE
	EndGlobalSection
	GlobalSection(ProjectConfigurationPlatforms) = postSolution
		{EA9B2580-D0B5-40E0-A58A-7D80B9A063A7}.Debug|Any CPU.ActiveCfg = Debug|Any CPU
		{EA9B2580-D0B5-40E0-A58A-7D80B9A063A7}.Debug|Any CPU.Build.0 = Debug|Any CPU
		{EA9B2580-D0B5-40E0-A58A-7D80B9A063A7}.Release|Any CPU.ActiveCfg = Release|Any CPU
		{EA9B2580-D0B5-40E0-A58A-7D80B9A063A7}.Release|Any CPU.Build.0 = Release|Any CPU
		{A9326629-2827-4756-8B87-D5355A7918A4}.Debug|Any CPU.ActiveCfg = Debug|Any CPU
		{A9326629-2827-4756-8B87-D5355A7918A4}.Debug|Any CPU.Build.0 = Debug|Any CPU
		{A9326629-2827-4756-8B87-D5355A7918A4}.Release|Any CPU.ActiveCfg = Release|Any CPU
		{A9326629-2827-4756-8B87-D5355A7918A4}.Release|Any CPU.Build.0 = Release|Any CPU
		{39B0AFBC-E4F3-4741-B685-76A0C9A3973F}.Debug|Any CPU.ActiveCfg = Debug|Any CPU
		{39B0AFBC-E4F3-4741-B685-76A0C9A3973F}.Debug|Any CPU.Build.0 = Debug|Any CPU
		{39B0AFBC-E4F3-4741-B685-76A0C9A3973F}.Release|Any CPU.ActiveCfg = Release|Any CPU
		{39B0AFBC-E4F3-4741-B685-76A0C9A3973F}.Release|Any CPU.Build.0 = Release|Any CPU
		{9640B5B4-5CE4-44BB-8EC7-D27D93538BF7}.Debug|Any CPU.ActiveCfg = Debug|Any CPU
		{9640B5B4-5CE4-44BB-8EC7-D27D93538BF7}.Debug|Any CPU.Build.0 = Debug|Any CPU
		{9640B5B4-5CE4-44BB-8EC7-D27D93538BF7}.Release|Any CPU.ActiveCfg = Release|Any CPU
		{9640B5B4-5CE4-44BB-8EC7-D27D93538BF7}.Release|Any CPU.Build.0 = Release|Any CPU
		{F2393228-9AE4-4BA9-9D73-3F26B092CDAB}.Debug|Any CPU.ActiveCfg = Debug|Any CPU
		{F2393228-9AE4-4BA9-9D73-3F26B092CDAB}.Debug|Any CPU.Build.0 = Debug|Any CPU
		{F2393228-9AE4-4BA9-9D73-3F26B092CDAB}.Release|Any CPU.ActiveCfg = Release|Any CPU
		{F2393228-9AE4-4BA9-9D73-3F26B092CDAB}.Release|Any CPU.Build.0 = Release|Any CPU
	EndGlobalSection
EndGlobal
